
Microsoft Visual Studio Solution File, Format Version 12.00
# Visual Studio Version 16
VisualStudioVersion = 16.0.31205.134
MinimumVisualStudioVersion = 10.0.40219.1
Project("{9A19103F-16F7-4668-BE54-9A1E7A4F7556}") = "AnonymousTypes", "AnonymousTypes.csproj", "{9C6B8694-BBC5-4A75-BE72-2688295E8858}"
EndProject
Global
	GlobalSection(SolutionConfigurationPlatforms) = preSolution
		Debug|Any CPU = Debug|Any CPU
		Release|Any CPU = Release|Any CPU
	EndGlobalSection
	GlobalSection(ProjectConfigurationPlatforms) = postSolution
		{9C6B8694-BBC5-4A75-BE72-2688295E8858}.Debug|Any CPU.ActiveCfg = Debug|Any CPU
		{9C6B8694-BBC5-4A75-BE72-2688295E8858}.Debug|Any CPU.Build.0 = Debug|Any CPU
		{9C6B8694-BBC5-4A75-BE72-2688295E8858}.Release|Any CPU.ActiveCfg = Release|Any CPU
		{9C6B8694-BBC5-4A75-BE72-2688295E8858}.Release|Any CPU.Build.0 = Release|Any CPU
	EndGlobalSection
	GlobalSection(SolutionProperties) = preSolution
		HideSolutionNode = FALSE
	EndGlobalSection
	GlobalSection(ExtensibilityGlobals) = postSolution
		SolutionGuid = {65E5C974-3042-4260-B532-E965D1F65817}
	EndGlobalSection
EndGlobal
