
Microsoft Visual Studio Solution File, Format Version 12.00
# Visual Studio Version 16
VisualStudioVersion = 16.0.31205.134
MinimumVisualStudioVersion = 10.0.40219.1
Project("{9A19103F-16F7-4668-BE54-9A1E7A4F7556}") = "ExtensionMethods", "ExtensionMethods.csproj", "{32D9BEAD-0F16-439D-B3E7-77CA1F44D19D}"
EndProject
Global
	GlobalSection(SolutionConfigurationPlatforms) = preSolution
		Debug|Any CPU = Debug|Any CPU
		Release|Any CPU = Release|Any CPU
	EndGlobalSection
	GlobalSection(ProjectConfigurationPlatforms) = postSolution
		{32D9BEAD-0F16-439D-B3E7-77CA1F44D19D}.Debug|Any CPU.ActiveCfg = Debug|Any CPU
		{32D9BEAD-0F16-439D-B3E7-77CA1F44D19D}.Debug|Any CPU.Build.0 = Debug|Any CPU
		{32D9BEAD-0F16-439D-B3E7-77CA1F44D19D}.Release|Any CPU.ActiveCfg = Release|Any CPU
		{32D9BEAD-0F16-439D-B3E7-77CA1F44D19D}.Release|Any CPU.Build.0 = Release|Any CPU
	EndGlobalSection
	GlobalSection(SolutionProperties) = preSolution
		HideSolutionNode = FALSE
	EndGlobalSection
	GlobalSection(ExtensibilityGlobals) = postSolution
		SolutionGuid = {01F1CC93-0E5D-4CD3-91CE-28856549E364}
	EndGlobalSection
EndGlobal
